<Solution>
  <Folder Name="/.items/">
    <File Path=".gitattributes" />
    <File Path=".gitignore" />
    <File Path="LICENSE.md" />
    <File Path="README.md" />
  </Folder>
  <Project Path="examples/Nameof.Example/Nameof.Example.csproj" />
  <Project Path="src/Nameof/Nameof.csproj" />
  <Project Path="tests/Nameof.Tests/Nameof.Tests.csproj" />
</Solution>
